
Microsoft Visual Studio Solution File, Format Version 12.00
# Visual Studio Version 17
VisualStudioVersion = 17.5.33627.172
MinimumVisualStudioVersion = 10.0.40219.1
Project("{FAE04EC0-301F-11D3-BF4B-00C04F79EFBC}") = "MantenedorVehiculos", "MantenedorVehiculos\MantenedorVehiculos.csproj", "{8B1B561B-2217-4866-908F-5ECFD30CA6FC}"
EndProject
Global
	GlobalSection(SolutionConfigurationPlatforms) = preSolution
		Debug|Any CPU = Debug|Any CPU
		Release|Any CPU = Release|Any CPU
	EndGlobalSection
	GlobalSection(ProjectConfigurationPlatforms) = postSolution
		{8B1B561B-2217-4866-908F-5ECFD30CA6FC}.Debug|Any CPU.ActiveCfg = Debug|Any CPU
		{8B1B561B-2217-4866-908F-5ECFD30CA6FC}.Debug|Any CPU.Build.0 = Debug|Any CPU
		{8B1B561B-2217-4866-908F-5ECFD30CA6FC}.Release|Any CPU.ActiveCfg = Release|Any CPU
		{8B1B561B-2217-4866-908F-5ECFD30CA6FC}.Release|Any CPU.Build.0 = Release|Any CPU
	EndGlobalSection
	GlobalSection(SolutionProperties) = preSolution
		HideSolutionNode = FALSE
	EndGlobalSection
	GlobalSection(ExtensibilityGlobals) = postSolution
		SolutionGuid = {6C83D62F-5BBC-4E8E-98FC-455531124A78}
	EndGlobalSection
EndGlobal
